
Microsoft Visual Studio Solution File, Format Version 12.00
# Visual Studio Version 17
VisualStudioVersion = 17.1.32421.90
MinimumVisualStudioVersion = 10.0.40219.1
Project("{9A19103F-16F7-4668-BE54-9A1E7A4F7556}") = "day1", "day1\day1.csproj", "{7A86384B-844F-4D11-9A7C-328CB066F5A0}"
EndProject
Project("{9A19103F-16F7-4668-BE54-9A1E7A4F7556}") = "day2", "day2\day2.csproj", "{EFA26756-41FB-47FB-A587-CFB1B690A92C}"
EndProject
Project("{9A19103F-16F7-4668-BE54-9A1E7A4F7556}") = "day3", "day3\day3.csproj", "{0AA037A8-5100-437E-97E3-4AA8F2D0EC9F}"
EndProject
Global
	GlobalSection(SolutionConfigurationPlatforms) = preSolution
		Debug|Any CPU = Debug|Any CPU
		Release|Any CPU = Release|Any CPU
	EndGlobalSection
	GlobalSection(ProjectConfigurationPlatforms) = postSolution
		{7A86384B-844F-4D11-9A7C-328CB066F5A0}.Debug|Any CPU.ActiveCfg = Debug|Any CPU
		{7A86384B-844F-4D11-9A7C-328CB066F5A0}.Debug|Any CPU.Build.0 = Debug|Any CPU
		{7A86384B-844F-4D11-9A7C-328CB066F5A0}.Release|Any CPU.ActiveCfg = Release|Any CPU
		{7A86384B-844F-4D11-9A7C-328CB066F5A0}.Release|Any CPU.Build.0 = Release|Any CPU
		{EFA26756-41FB-47FB-A587-CFB1B690A92C}.Debug|Any CPU.ActiveCfg = Debug|Any CPU
		{EFA26756-41FB-47FB-A587-CFB1B690A92C}.Debug|Any CPU.Build.0 = Debug|Any CPU
		{EFA26756-41FB-47FB-A587-CFB1B690A92C}.Release|Any CPU.ActiveCfg = Release|Any CPU
		{EFA26756-41FB-47FB-A587-CFB1B690A92C}.Release|Any CPU.Build.0 = Release|Any CPU
		{0AA037A8-5100-437E-97E3-4AA8F2D0EC9F}.Debug|Any CPU.ActiveCfg = Debug|Any CPU
		{0AA037A8-5100-437E-97E3-4AA8F2D0EC9F}.Debug|Any CPU.Build.0 = Debug|Any CPU
		{0AA037A8-5100-437E-97E3-4AA8F2D0EC9F}.Release|Any CPU.ActiveCfg = Release|Any CPU
		{0AA037A8-5100-437E-97E3-4AA8F2D0EC9F}.Release|Any CPU.Build.0 = Release|Any CPU
	EndGlobalSection
	GlobalSection(SolutionProperties) = preSolution
		HideSolutionNode = FALSE
	EndGlobalSection
	GlobalSection(ExtensibilityGlobals) = postSolution
		SolutionGuid = {36F9E927-14F4-4D1B-B8F7-0F2F34362B5B}
	EndGlobalSection
EndGlobal
